
Microsoft Visual Studio Solution File, Format Version 12.00
# Visual Studio Version 17
VisualStudioVersion = 17.13.35818.85 d17.13
MinimumVisualStudioVersion = 10.0.40219.1
Project("{FAE04EC0-301F-11D3-BF4B-00C04F79EFBC}") = "Assembly-CSharp", "Assembly-CSharp.csproj", "{1551BB52-C2B0-04FB-4A99-0554BEB8752B}"
EndProject
Project("{FAE04EC0-301F-11D3-BF4B-00C04F79EFBC}") = "Assembly-CSharp-Editor", "Assembly-CSharp-Editor.csproj", "{3A9C7DCE-89B6-BB2B-2391-FBE53C38B011}"
EndProject
Global
	GlobalSection(SolutionConfigurationPlatforms) = preSolution
		Debug|Any CPU = Debug|Any CPU
		Release|Any CPU = Release|Any CPU
	EndGlobalSection
	GlobalSection(ProjectConfigurationPlatforms) = postSolution
		{1551BB52-C2B0-04FB-4A99-0554BEB8752B}.Debug|Any CPU.ActiveCfg = Debug|Any CPU
		{1551BB52-C2B0-04FB-4A99-0554BEB8752B}.Debug|Any CPU.Build.0 = Debug|Any CPU
		{1551BB52-C2B0-04FB-4A99-0554BEB8752B}.Release|Any CPU.ActiveCfg = Release|Any CPU
		{1551BB52-C2B0-04FB-4A99-0554BEB8752B}.Release|Any CPU.Build.0 = Release|Any CPU
		{3A9C7DCE-89B6-BB2B-2391-FBE53C38B011}.Debug|Any CPU.ActiveCfg = Debug|Any CPU
		{3A9C7DCE-89B6-BB2B-2391-FBE53C38B011}.Debug|Any CPU.Build.0 = Debug|Any CPU
		{3A9C7DCE-89B6-BB2B-2391-FBE53C38B011}.Release|Any CPU.ActiveCfg = Release|Any CPU
		{3A9C7DCE-89B6-BB2B-2391-FBE53C38B011}.Release|Any CPU.Build.0 = Release|Any CPU
	EndGlobalSection
	GlobalSection(SolutionProperties) = preSolution
		HideSolutionNode = FALSE
	EndGlobalSection
EndGlobal
